
Microsoft Visual Studio Solution File, Format Version 12.00
# Visual Studio Version 16
VisualStudioVersion = 16.0.31129.286
MinimumVisualStudioVersion = 10.0.40219.1
Project("{FAE04EC0-301F-11D3-BF4B-00C04F79EFBC}") = "StudentDocumentsManagementSystem", "StudentDocumentsManagementSystem\StudentDocumentsManagementSystem.csproj", "{F01404BF-A14C-4253-B6F9-FD0DA8941E54}"
EndProject
Global
	GlobalSection(SolutionConfigurationPlatforms) = preSolution
		Debug|Any CPU = Debug|Any CPU
		Release|Any CPU = Release|Any CPU
	EndGlobalSection
	GlobalSection(ProjectConfigurationPlatforms) = postSolution
		{F01404BF-A14C-4253-B6F9-FD0DA8941E54}.Debug|Any CPU.ActiveCfg = Debug|Any CPU
		{F01404BF-A14C-4253-B6F9-FD0DA8941E54}.Debug|Any CPU.Build.0 = Debug|Any CPU
		{F01404BF-A14C-4253-B6F9-FD0DA8941E54}.Release|Any CPU.ActiveCfg = Release|Any CPU
		{F01404BF-A14C-4253-B6F9-FD0DA8941E54}.Release|Any CPU.Build.0 = Release|Any CPU
	EndGlobalSection
	GlobalSection(SolutionProperties) = preSolution
		HideSolutionNode = FALSE
	EndGlobalSection
	GlobalSection(ExtensibilityGlobals) = postSolution
		SolutionGuid = {1D2C954B-2FE1-4D91-9EAB-58963AA659E7}
	EndGlobalSection
EndGlobal
